
Microsoft Visual Studio Solution File, Format Version 12.00
# Visual Studio Version 17
VisualStudioVersion = 17.2.32630.192
MinimumVisualStudioVersion = 10.0.40219.1
Project("{9A19103F-16F7-4668-BE54-9A1E7A4F7556}") = "ClipboardPlus", "ClipboardPlus.csproj", "{94CBCC4D-7C29-4303-92B2-61D51105EED4}"
EndProject
Project("{54435603-DBB4-11D2-8724-00A0C9A8B90C}") = "Installer", "..\Installer\Installer.vdproj", "{DB11AD82-DF54-445E-9DDE-5DA6F2290162}"
EndProject
Global
	GlobalSection(SolutionConfigurationPlatforms) = preSolution
		Debug|Any CPU = Debug|Any CPU
		Release|Any CPU = Release|Any CPU
	EndGlobalSection
	GlobalSection(ProjectConfigurationPlatforms) = postSolution
		{94CBCC4D-7C29-4303-92B2-61D51105EED4}.Debug|Any CPU.ActiveCfg = Debug|Any CPU
		{94CBCC4D-7C29-4303-92B2-61D51105EED4}.Debug|Any CPU.Build.0 = Debug|Any CPU
		{94CBCC4D-7C29-4303-92B2-61D51105EED4}.Release|Any CPU.ActiveCfg = Release|Any CPU
		{94CBCC4D-7C29-4303-92B2-61D51105EED4}.Release|Any CPU.Build.0 = Release|Any CPU
		{DB11AD82-DF54-445E-9DDE-5DA6F2290162}.Debug|Any CPU.ActiveCfg = Debug
		{DB11AD82-DF54-445E-9DDE-5DA6F2290162}.Release|Any CPU.ActiveCfg = Release
	EndGlobalSection
	GlobalSection(SolutionProperties) = preSolution
		HideSolutionNode = FALSE
	EndGlobalSection
	GlobalSection(ExtensibilityGlobals) = postSolution
		SolutionGuid = {D8873F32-98D0-405B-B9E1-8DDAB17E34A1}
	EndGlobalSection
EndGlobal
